
Microsoft Visual Studio Solution File, Format Version 12.00
# Visual Studio Version 17
VisualStudioVersion = 17.0.31903.59
MinimumVisualStudioVersion = 10.0.40219.1
Project("{FAE04EC0-301F-11D3-BF4B-00C04F79EFBC}") = "API", "API\API.csproj", "{C12EA103-500A-432C-8E09-EED57E827036}"
EndProject
Project("{FAE04EC0-301F-11D3-BF4B-00C04F79EFBC}") = "Application", "Application\Application.csproj", "{C14E0649-510F-4C4F-9A09-6366478B56B0}"
EndProject
Project("{FAE04EC0-301F-11D3-BF4B-00C04F79EFBC}") = "Domain", "Domain\Domain.csproj", "{3677583E-0A83-4F2E-B8A6-8641F149026B}"
EndProject
Project("{FAE04EC0-301F-11D3-BF4B-00C04F79EFBC}") = "Persistence", "Persistence\Persistence.csproj", "{9E89253C-5FFF-4B2C-8936-C4812FF2BB1B}"
EndProject
Global
	GlobalSection(SolutionConfigurationPlatforms) = preSolution
		Debug|Any CPU = Debug|Any CPU
		Debug|x64 = Debug|x64
		Debug|x86 = Debug|x86
		Release|Any CPU = Release|Any CPU
		Release|x64 = Release|x64
		Release|x86 = Release|x86
	EndGlobalSection
	GlobalSection(ProjectConfigurationPlatforms) = postSolution
		{C12EA103-500A-432C-8E09-EED57E827036}.Debug|Any CPU.ActiveCfg = Debug|Any CPU
		{C12EA103-500A-432C-8E09-EED57E827036}.Debug|Any CPU.Build.0 = Debug|Any CPU
		{C12EA103-500A-432C-8E09-EED57E827036}.Debug|x64.ActiveCfg = Debug|Any CPU
		{C12EA103-500A-432C-8E09-EED57E827036}.Debug|x64.Build.0 = Debug|Any CPU
		{C12EA103-500A-432C-8E09-EED57E827036}.Debug|x86.ActiveCfg = Debug|Any CPU
		{C12EA103-500A-432C-8E09-EED57E827036}.Debug|x86.Build.0 = Debug|Any CPU
		{C12EA103-500A-432C-8E09-EED57E827036}.Release|Any CPU.ActiveCfg = Release|Any CPU
		{C12EA103-500A-432C-8E09-EED57E827036}.Release|Any CPU.Build.0 = Release|Any CPU
		{C12EA103-500A-432C-8E09-EED57E827036}.Release|x64.ActiveCfg = Release|Any CPU
		{C12EA103-500A-432C-8E09-EED57E827036}.Release|x64.Build.0 = Release|Any CPU
		{C12EA103-500A-432C-8E09-EED57E827036}.Release|x86.ActiveCfg = Release|Any CPU
		{C12EA103-500A-432C-8E09-EED57E827036}.Release|x86.Build.0 = Release|Any CPU
		{C14E0649-510F-4C4F-9A09-6366478B56B0}.Debug|Any CPU.ActiveCfg = Debug|Any CPU
		{C14E0649-510F-4C4F-9A09-6366478B56B0}.Debug|Any CPU.Build.0 = Debug|Any CPU
		{C14E0649-510F-4C4F-9A09-6366478B56B0}.Debug|x64.ActiveCfg = Debug|Any CPU
		{C14E0649-510F-4C4F-9A09-6366478B56B0}.Debug|x64.Build.0 = Debug|Any CPU
		{C14E0649-510F-4C4F-9A09-6366478B56B0}.Debug|x86.ActiveCfg = Debug|Any CPU
		{C14E0649-510F-4C4F-9A09-6366478B56B0}.Debug|x86.Build.0 = Debug|Any CPU
		{C14E0649-510F-4C4F-9A09-6366478B56B0}.Release|Any CPU.ActiveCfg = Release|Any CPU
		{C14E0649-510F-4C4F-9A09-6366478B56B0}.Release|Any CPU.Build.0 = Release|Any CPU
		{C14E0649-510F-4C4F-9A09-6366478B56B0}.Release|x64.ActiveCfg = Release|Any CPU
		{C14E0649-510F-4C4F-9A09-6366478B56B0}.Release|x64.Build.0 = Release|Any CPU
		{C14E0649-510F-4C4F-9A09-6366478B56B0}.Release|x86.ActiveCfg = Release|Any CPU
		{C14E0649-510F-4C4F-9A09-6366478B56B0}.Release|x86.Build.0 = Release|Any CPU
		{3677583E-0A83-4F2E-B8A6-8641F149026B}.Debug|Any CPU.ActiveCfg = Debug|Any CPU
		{3677583E-0A83-4F2E-B8A6-8641F149026B}.Debug|Any CPU.Build.0 = Debug|Any CPU
		{3677583E-0A83-4F2E-B8A6-8641F149026B}.Debug|x64.ActiveCfg = Debug|Any CPU
		{3677583E-0A83-4F2E-B8A6-8641F149026B}.Debug|x64.Build.0 = Debug|Any CPU
		{3677583E-0A83-4F2E-B8A6-8641F149026B}.Debug|x86.ActiveCfg = Debug|Any CPU
		{3677583E-0A83-4F2E-B8A6-8641F149026B}.Debug|x86.Build.0 = Debug|Any CPU
		{3677583E-0A83-4F2E-B8A6-8641F149026B}.Release|Any CPU.ActiveCfg = Release|Any CPU
		{3677583E-0A83-4F2E-B8A6-8641F149026B}.Release|Any CPU.Build.0 = Release|Any CPU
		{3677583E-0A83-4F2E-B8A6-8641F149026B}.Release|x64.ActiveCfg = Release|Any CPU
		{3677583E-0A83-4F2E-B8A6-8641F149026B}.Release|x64.Build.0 = Release|Any CPU
		{3677583E-0A83-4F2E-B8A6-8641F149026B}.Release|x86.ActiveCfg = Release|Any CPU
		{3677583E-0A83-4F2E-B8A6-8641F149026B}.Release|x86.Build.0 = Release|Any CPU
		{9E89253C-5FFF-4B2C-8936-C4812FF2BB1B}.Debug|Any CPU.ActiveCfg = Debug|Any CPU
		{9E89253C-5FFF-4B2C-8936-C4812FF2BB1B}.Debug|Any CPU.Build.0 = Debug|Any CPU
		{9E89253C-5FFF-4B2C-8936-C4812FF2BB1B}.Debug|x64.ActiveCfg = Debug|Any CPU
		{9E89253C-5FFF-4B2C-8936-C4812FF2BB1B}.Debug|x64.Build.0 = Debug|Any CPU
		{9E89253C-5FFF-4B2C-8936-C4812FF2BB1B}.Debug|x86.ActiveCfg = Debug|Any CPU
		{9E89253C-5FFF-4B2C-8936-C4812FF2BB1B}.Debug|x86.Build.0 = Debug|Any CPU
		{9E89253C-5FFF-4B2C-8936-C4812FF2BB1B}.Release|Any CPU.ActiveCfg = Release|Any CPU
		{9E89253C-5FFF-4B2C-8936-C4812FF2BB1B}.Release|Any CPU.Build.0 = Release|Any CPU
		{9E89253C-5FFF-4B2C-8936-C4812FF2BB1B}.Release|x64.ActiveCfg = Release|Any CPU
		{9E89253C-5FFF-4B2C-8936-C4812FF2BB1B}.Release|x64.Build.0 = Release|Any CPU
		{9E89253C-5FFF-4B2C-8936-C4812FF2BB1B}.Release|x86.ActiveCfg = Release|Any CPU
		{9E89253C-5FFF-4B2C-8936-C4812FF2BB1B}.Release|x86.Build.0 = Release|Any CPU
	EndGlobalSection
	GlobalSection(SolutionProperties) = preSolution
		HideSolutionNode = FALSE
	EndGlobalSection
EndGlobal
